{
  "name": "envtest",
  "version": "1.0.0",
  "lockfileVersion": 3,
  "requires": true,
  "packages": {
    "": {
      "name": "envtest",
      "version": "1.0.0",
      "license": "ISC",
      "dependencies": {
        "env-var": "^7.3.1",
        "typescript": "^5.1.6"
      }
    },
    "node_modules/env-var": {
      "version": "7.3.1",
      "resolved": "https://registry.npmjs.org/env-var/-/env-var-7.3.1.tgz",
      "integrity": "sha512-Sq9qMnbBApv7SeUOKhw5GZ0VxAwltjFTzXTOvRV9NZEKmMCBZuFCumAvkXwBC5Fo396D7BnOpb5dXud7Vzhliw==",
      "engines": {
        "node": ">=10"
      }
    },
    "node_modules/typescript": {
      "version": "5.1.6",
      "resolved": "https://registry.npmjs.org/typescript/-/typescript-5.1.6.tgz",
      "integrity": "sha512-zaWCozRZ6DLEWAWFrVDz1H6FVXzUSfTy5FUMWsQlU8Ym5JP9eO4xkTIROFCQvhQf61z6O/G6ugw3SgAnvvm+HA==",
      "bin": {
        "tsc": "bin/tsc",
        "tsserver": "bin/tsserver"
      },
      "engines": {
        "node": ">=14.17"
      }
    }
  }
}
